
Microsoft Visual Studio Solution File, Format Version 12.00
# Visual Studio Version 17
VisualStudioVersion = 17.14.36414.22 d17.14
MinimumVisualStudioVersion = 10.0.40219.1
Project("{FAE04EC0-301F-11D3-BF4B-00C04F79EFBC}") = "MarkovTextGenerator", "MarkovTextGenerator\MarkovTextGenerator.csproj", "{0FAD6157-7A52-46AE-B1B4-812BE6BE6BDC}"
EndProject
Global
	GlobalSection(SolutionConfigurationPlatforms) = preSolution
		Debug|Any CPU = Debug|Any CPU
		Release|Any CPU = Release|Any CPU
	EndGlobalSection
	GlobalSection(ProjectConfigurationPlatforms) = postSolution
		{0FAD6157-7A52-46AE-B1B4-812BE6BE6BDC}.Debug|Any CPU.ActiveCfg = Debug|Any CPU
		{0FAD6157-7A52-46AE-B1B4-812BE6BE6BDC}.Debug|Any CPU.Build.0 = Debug|Any CPU
		{0FAD6157-7A52-46AE-B1B4-812BE6BE6BDC}.Release|Any CPU.ActiveCfg = Release|Any CPU
		{0FAD6157-7A52-46AE-B1B4-812BE6BE6BDC}.Release|Any CPU.Build.0 = Release|Any CPU
	EndGlobalSection
	GlobalSection(SolutionProperties) = preSolution
		HideSolutionNode = FALSE
	EndGlobalSection
	GlobalSection(ExtensibilityGlobals) = postSolution
		SolutionGuid = {E69BC248-27D6-4E27-B044-B134B4F0A22B}
	EndGlobalSection
EndGlobal
